
Microsoft Visual Studio Solution File, Format Version 12.00
# Visual Studio Version 17
VisualStudioVersion = 17.6.33829.357
MinimumVisualStudioVersion = 10.0.40219.1
Project("{FAE04EC0-301F-11D3-BF4B-00C04F79EFBC}") = "WinFormsApp1", "WinFormsApp1\WinFormsApp1.csproj", "{21B62C7D-DD63-4197-A6BE-556B6E5356DF}"
EndProject
Global
	GlobalSection(SolutionConfigurationPlatforms) = preSolution
		Debug|Any CPU = Debug|Any CPU
		Release|Any CPU = Release|Any CPU
	EndGlobalSection
	GlobalSection(ProjectConfigurationPlatforms) = postSolution
		{21B62C7D-DD63-4197-A6BE-556B6E5356DF}.Debug|Any CPU.ActiveCfg = Debug|Any CPU
		{21B62C7D-DD63-4197-A6BE-556B6E5356DF}.Debug|Any CPU.Build.0 = Debug|Any CPU
		{21B62C7D-DD63-4197-A6BE-556B6E5356DF}.Release|Any CPU.ActiveCfg = Release|Any CPU
		{21B62C7D-DD63-4197-A6BE-556B6E5356DF}.Release|Any CPU.Build.0 = Release|Any CPU
	EndGlobalSection
	GlobalSection(SolutionProperties) = preSolution
		HideSolutionNode = FALSE
	EndGlobalSection
	GlobalSection(ExtensibilityGlobals) = postSolution
		SolutionGuid = {0E16058F-4097-41E4-8D7B-E2C0B8BD2991}
	EndGlobalSection
EndGlobal
